{
  "requires": true,
  "lockfileVersion": 1,
  "dependencies": {
    "us-baby-names": {
      "version": "1.0.0",
      "resolved": "https://registry.npmjs.org/us-baby-names/-/us-baby-names-1.0.0.tgz",
      "integrity": "sha512-RQ+YEci3OhftZgRJVtABXtDNEMH0l0qyalPM+WC6qtCwWa915e4eLJFUKtSjOaydN+wnxlL1jLj/0vFk3bDI/A=="
    }
  }
}
